// !$*UTF8*$!
{
	archiveVersion = 1;
	classes = {
	};
	objectVersion = 50;
	objects = {

/* Begin PBXBuildFile section */
		0E3F7CA524E6BF0E00B1CF2C /* imagesModel.swift in Sources */ = {isa = PBXBuildFile; fileRef = 0E3F7CA424E6BF0E00B1CF2C /* imagesModel.swift */; };
		0E3F7CA724E6C0AC00B1CF2C /* imagesList.swift in Sources */ = {isa = PBXBuildFile; fileRef = 0E3F7CA624E6C0AC00B1CF2C /* imagesList.swift */; };
		0E3F7CA924E7CEAE00B1CF2C /* Sound.swift in Sources */ = {isa = PBXBuildFile; fileRef = 0E3F7CA824E7CEAE00B1CF2C /* Sound.swift */; };
		0E3F7CAB24E7D4E700B1CF2C /* Animal.swift in Sources */ = {isa = PBXBuildFile; fileRef = 0E3F7CAA24E7D4E700B1CF2C /* Animal.swift */; };
		0E3F7CAD24E7D67600B1CF2C /* WithOutMP3.swift in Sources */ = {isa = PBXBuildFile; fileRef = 0E3F7CAC24E7D67600B1CF2C /* WithOutMP3.swift */; };
		0E3F7CAF24E7DA1D00B1CF2C /* ChangeColor.swift in Sources */ = {isa = PBXBuildFile; fileRef = 0E3F7CAE24E7DA1D00B1CF2C /* ChangeColor.swift */; };
		0E6C8E7324E68A2A002ABEC5 /* AppDelegate.swift in Sources */ = {isa = PBXBuildFile; fileRef = 0E6C8E7224E68A2A002ABEC5 /* AppDelegate.swift */; };
		0E6C8E7524E68A2A002ABEC5 /* SceneDelegate.swift in Sources */ = {isa = PBXBuildFile; fileRef = 0E6C8E7424E68A2A002ABEC5 /* SceneDelegate.swift */; };
		0E6C8E7724E68A2A002ABEC5 /* ViewController.swift in Sources */ = {isa = PBXBuildFile; fileRef = 0E6C8E7624E68A2A002ABEC5 /* ViewController.swift */; };
		0E6C8E7A24E68A2A002ABEC5 /* Main.storyboard in Resources */ = {isa = PBXBuildFile; fileRef = 0E6C8E7824E68A2A002ABEC5 /* Main.storyboard */; };
		0E6C8E7C24E68A3D002ABEC5 /* Assets.xcassets in Resources */ = {isa = PBXBuildFile; fileRef = 0E6C8E7B24E68A3D002ABEC5 /* Assets.xcassets */; };
		0E6C8E7F24E68A3D002ABEC5 /* LaunchScreen.storyboard in Resources */ = {isa = PBXBuildFile; fileRef = 0E6C8E7D24E68A3D002ABEC5 /* LaunchScreen.storyboard */; };
		0E6C8E8724E68CF1002ABEC5 /* batsuSound.mp3 in Resources */ = {isa = PBXBuildFile; fileRef = 0E6C8E8624E68CF1002ABEC5 /* batsuSound.mp3 */; };
		0E6C8E8924E68CFB002ABEC5 /* maruSound.mp3 in Resources */ = {isa = PBXBuildFile; fileRef = 0E6C8E8824E68CFB002ABEC5 /* maruSound.mp3 */; };
		0E6C8E8B24E68D13002ABEC5 /* sound.mp3 in Resources */ = {isa = PBXBuildFile; fileRef = 0E6C8E8A24E68D13002ABEC5 /* sound.mp3 */; };
		0E6C8E9024E68F6D002ABEC5 /* NextViewController.swift in Sources */ = {isa = PBXBuildFile; fileRef = 0E6C8E8F24E68F6D002ABEC5 /* NextViewController.swift */; };
/* End PBXBuildFile section */

/* Begin PBXFileReference section */
		0E3F7CA424E6BF0E00B1CF2C /* imagesModel.swift */ = {isa = PBXFileReference; lastKnownFileType = sourcecode.swift; path = imagesModel.swift; sourceTree = "<group>"; };
		0E3F7CA624E6C0AC00B1CF2C /* imagesList.swift */ = {isa = PBXFileReference; lastKnownFileType = sourcecode.swift; path = imagesList.swift; sourceTree = "<group>"; };
		0E3F7CA824E7CEAE00B1CF2C /* Sound.swift */ = {isa = PBXFileReference; lastKnownFileType = sourcecode.swift; path = Sound.swift; sourceTree = "<group>"; };
		0E3F7CAA24E7D4E700B1CF2C /* Animal.swift */ = {isa = PBXFileReference; lastKnownFileType = sourcecode.swift; path = Animal.swift; sourceTree = "<group>"; };
		0E3F7CAC24E7D67600B1CF2C /* WithOutMP3.swift */ = {isa = PBXFileReference; lastKnownFileType = sourcecode.swift; path = WithOutMP3.swift; sourceTree = "<group>"; };
		0E3F7CAE24E7DA1D00B1CF2C /* ChangeColor.swift */ = {isa = PBXFileReference; lastKnownFileType = sourcecode.swift; path = ChangeColor.swift; sourceTree = "<group>"; };
		0E6C8E6F24E68A2A002ABEC5 /* QuestionApp.app */ = {isa = PBXFileReference; explicitFileType = wrapper.application; includeInIndex = 0; path = QuestionApp.app; sourceTree = BUILT_PRODUCTS_DIR; };
		0E6C8E7224E68A2A002ABEC5 /* AppDelegate.swift */ = {isa = PBXFileReference; lastKnownFileType = sourcecode.swift; path = AppDelegate.swift; sourceTree = "<group>"; };
		0E6C8E7424E68A2A002ABEC5 /* SceneDelegate.swift */ = {isa = PBXFileReference; lastKnownFileType = sourcecode.swift; path = SceneDelegate.swift; sourceTree = "<group>"; };
		0E6C8E7624E68A2A002ABEC5 /* ViewController.swift */ = {isa = PBXFileReference; lastKnownFileType = sourcecode.swift; path = ViewController.swift; sourceTree = "<group>"; };
		0E6C8E7924E68A2A002ABEC5 /* Base */ = {isa = PBXFileReference; lastKnownFileType = file.storyboard; name = Base; path = Base.lproj/Main.storyboard; sourceTree = "<group>"; };
		0E6C8E7B24E68A3D002ABEC5 /* Assets.xcassets */ = {isa = PBXFileReference; lastKnownFileType = folder.assetcatalog; path = Assets.xcassets; sourceTree = "<group>"; };
		0E6C8E7E24E68A3D002ABEC5 /* Base */ = {isa = PBXFileReference; lastKnownFileType = file.storyboard; name = Base; path = Base.lproj/LaunchScreen.storyboard; sourceTree = "<group>"; };
		0E6C8E8024E68A3D002ABEC5 /* Info.plist */ = {isa = PBXFileReference; lastKnownFileType = text.plist.xml; path = Info.plist; sourceTree = "<group>"; };
		0E6C8E8624E68CF1002ABEC5 /* batsuSound.mp3 */ = {isa = PBXFileReference; lastKnownFileType = audio.mp3; path = batsuSound.mp3; sourceTree = "<group>"; };
		0E6C8E8824E68CFB002ABEC5 /* maruSound.mp3 */ = {isa = PBXFileReference; lastKnownFileType = audio.mp3; path = maruSound.mp3; sourceTree = "<group>"; };
		0E6C8E8A24E68D13002ABEC5 /* sound.mp3 */ = {isa = PBXFileReference; lastKnownFileType = audio.mp3; path = sound.mp3; sourceTree = "<group>"; };
		0E6C8E8F24E68F6D002ABEC5 /* NextViewController.swift */ = {isa = PBXFileReference; lastKnownFileType = sourcecode.swift; path = NextViewController.swift; sourceTree = "<group>"; };
/* End PBXFileReference section */

/* Begin PBXFrameworksBuildPhase section */
		0E6C8E6C24E68A2A002ABEC5 /* Frameworks */ = {
			isa = PBXFrameworksBuildPhase;
			buildActionMask = 2147483647;
			files = (
			);
			runOnlyForDeploymentPostprocessing = 0;
		};
/* End PBXFrameworksBuildPhase section */

/* Begin PBXGroup section */
		0E6C8E6624E68A2A002ABEC5 = {
			isa = PBXGroup;
			children = (
				0E6C8E7124E68A2A002ABEC5 /* QuestionApp */,
				0E6C8E7024E68A2A002ABEC5 /* Products */,
			);
			sourceTree = "<group>";
		};
		0E6C8E7024E68A2A002ABEC5 /* Products */ = {
			isa = PBXGroup;
			children = (
				0E6C8E6F24E68A2A002ABEC5 /* QuestionApp.app */,
			);
			name = Products;
			sourceTree = "<group>";
		};
		0E6C8E7124E68A2A002ABEC5 /* QuestionApp */ = {
			isa = PBXGroup;
			children = (
				0E6C8E8C24E68DD4002ABEC5 /* Model */,
				0E6C8E8D24E68DE3002ABEC5 /* View */,
				0E6C8E8E24E68DF5002ABEC5 /* Controller */,
				0E6C8E7D24E68A3D002ABEC5 /* LaunchScreen.storyboard */,
				0E6C8E8624E68CF1002ABEC5 /* batsuSound.mp3 */,
				0E6C8E8824E68CFB002ABEC5 /* maruSound.mp3 */,
				0E6C8E8A24E68D13002ABEC5 /* sound.mp3 */,
				0E6C8E8024E68A3D002ABEC5 /* Info.plist */,
			);
			path = QuestionApp;
			sourceTree = "<group>";
		};
		0E6C8E8C24E68DD4002ABEC5 /* Model */ = {
			isa = PBXGroup;
			children = (
				0E3F7CA424E6BF0E00B1CF2C /* imagesModel.swift */,
				0E3F7CA624E6C0AC00B1CF2C /* imagesList.swift */,
				0E3F7CA824E7CEAE00B1CF2C /* Sound.swift */,
				0E3F7CAA24E7D4E700B1CF2C /* Animal.swift */,
				0E3F7CAC24E7D67600B1CF2C /* WithOutMP3.swift */,
				0E3F7CAE24E7DA1D00B1CF2C /* ChangeColor.swift */,
			);
			path = Model;
			sourceTree = "<group>";
		};
		0E6C8E8D24E68DE3002ABEC5 /* View */ = {
			isa = PBXGroup;
			children = (
				0E6C8E7824E68A2A002ABEC5 /* Main.storyboard */,
				0E6C8E7B24E68A3D002ABEC5 /* Assets.xcassets */,
			);
			path = View;
			sourceTree = "<group>";
		};
		0E6C8E8E24E68DF5002ABEC5 /* Controller */ = {
			isa = PBXGroup;
			children = (
				0E6C8E7224E68A2A002ABEC5 /* AppDelegate.swift */,
				0E6C8E7424E68A2A002ABEC5 /* SceneDelegate.swift */,
				0E6C8E7624E68A2A002ABEC5 /* ViewController.swift */,
				0E6C8E8F24E68F6D002ABEC5 /* NextViewController.swift */,
			);
			path = Controller;
			sourceTree = "<group>";
		};
/* End PBXGroup section */

/* Begin PBXNativeTarget section */
		0E6C8E6E24E68A2A002ABEC5 /* QuestionApp */ = {
			isa = PBXNativeTarget;
			buildConfigurationList = 0E6C8E8324E68A3D002ABEC5 /* Build configuration list for PBXNativeTarget "QuestionApp" */;
			buildPhases = (
				0E6C8E6B24E68A2A002ABEC5 /* Sources */,
				0E6C8E6C24E68A2A002ABEC5 /* Frameworks */,
				0E6C8E6D24E68A2A002ABEC5 /* Resources */,
			);
			buildRules = (
			);
			dependencies = (
			);
			name = QuestionApp;
			productName = QuestionApp;
			productReference = 0E6C8E6F24E68A2A002ABEC5 /* QuestionApp.app */;
			productType = "com.apple.product-type.application";
		};
/* End PBXNativeTarget section */

/* Begin PBXProject section */
		0E6C8E6724E68A2A002ABEC5 /* Project object */ = {
			isa = PBXProject;
			attributes = {
				LastSwiftUpdateCheck = 1160;
				LastUpgradeCheck = 1160;
				ORGANIZATIONNAME = "田中誠";
				TargetAttributes = {
					0E6C8E6E24E68A2A002ABEC5 = {
						CreatedOnToolsVersion = 11.6;
					};
				};
			};
			buildConfigurationList = 0E6C8E6A24E68A2A002ABEC5 /* Build configuration list for PBXProject "QuestionApp" */;
			compatibilityVersion = "Xcode 9.3";
			developmentRegion = en;
			hasScannedForEncodings = 0;
			knownRegions = (
				en,
				Base,
			);
			mainGroup = 0E6C8E6624E68A2A002ABEC5;
			productRefGroup = 0E6C8E7024E68A2A002ABEC5 /* Products */;
			projectDirPath = "";
			projectRoot = "";
			targets = (
				0E6C8E6E24E68A2A002ABEC5 /* QuestionApp */,
			);
		};
/* End PBXProject section */

/* Begin PBXResourcesBuildPhase section */
		0E6C8E6D24E68A2A002ABEC5 /* Resources */ = {
			isa = PBXResourcesBuildPhase;
			buildActionMask = 2147483647;
			files = (
				0E6C8E8724E68CF1002ABEC5 /* batsuSound.mp3 in Resources */,
				0E6C8E8924E68CFB002ABEC5 /* maruSound.mp3 in Resources */,
				0E6C8E7F24E68A3D002ABEC5 /* LaunchScreen.storyboard in Resources */,
				0E6C8E7C24E68A3D002ABEC5 /* Assets.xcassets in Resources */,
				0E6C8E8B24E68D13002ABEC5 /* sound.mp3 in Resources */,
				0E6C8E7A24E68A2A002ABEC5 /* Main.storyboard in Resources */,
			);
			runOnlyForDeploymentPostprocessing = 0;
		};
/* End PBXResourcesBuildPhase section */

/* Begin PBXSourcesBuildPhase section */
		0E6C8E6B24E68A2A002ABEC5 /* Sources */ = {
			isa = PBXSourcesBuildPhase;
			buildActionMask = 2147483647;
			files = (
				0E3F7CA924E7CEAE00B1CF2C /* Sound.swift in Sources */,
				0E3F7CAB24E7D4E700B1CF2C /* Animal.swift in Sources */,
				0E6C8E7724E68A2A002ABEC5 /* ViewController.swift in Sources */,
				0E6C8E9024E68F6D002ABEC5 /* NextViewController.swift in Sources */,
				0E6C8E7324E68A2A002ABEC5 /* AppDelegate.swift in Sources */,
				0E3F7CAF24E7DA1D00B1CF2C /* ChangeColor.swift in Sources */,
				0E6C8E7524E68A2A002ABEC5 /* SceneDelegate.swift in Sources */,
				0E3F7CAD24E7D67600B1CF2C /* WithOutMP3.swift in Sources */,
				0E3F7CA524E6BF0E00B1CF2C /* imagesModel.swift in Sources */,
				0E3F7CA724E6C0AC00B1CF2C /* imagesList.swift in Sources */,
			);
			runOnlyForDeploymentPostprocessing = 0;
		};
/* End PBXSourcesBuildPhase section */

/* Begin PBXVariantGroup section */
		0E6C8E7824E68A2A002ABEC5 /* Main.storyboard */ = {
			isa = PBXVariantGroup;
			children = (
				0E6C8E7924E68A2A002ABEC5 /* Base */,
			);
			name = Main.storyboard;
			sourceTree = "<group>";
		};
		0E6C8E7D24E68A3D002ABEC5 /* LaunchScreen.storyboard */ = {
			isa = PBXVariantGroup;
			children = (
				0E6C8E7E24E68A3D002ABEC5 /* Base */,
			);
			name = LaunchScreen.storyboard;
			sourceTree = "<group>";
		};
/* End PBXVariantGroup section */

/* Begin XCBuildConfiguration section */
		0E6C8E8124E68A3D002ABEC5 /* Debug */ = {
			isa = XCBuildConfiguration;
			buildSettings = {
				ALWAYS_SEARCH_USER_PATHS = NO;
				CLANG_ANALYZER_NONNULL = YES;
				CLANG_ANALYZER_NUMBER_OBJECT_CONVERSION = YES_AGGRESSIVE;
				CLANG_CXX_LANGUAGE_STANDARD = "gnu++14";
				CLANG_CXX_LIBRARY = "libc++";
				CLANG_ENABLE_MODULES = YES;
				CLANG_ENABLE_OBJC_ARC = YES;
				CLANG_ENABLE_OBJC_WEAK = YES;
				CLANG_WARN_BLOCK_CAPTURE_AUTORELEASING = YES;
				CLANG_WARN_BOOL_CONVERSION = YES;
				CLANG_WARN_COMMA = YES;
				CLANG_WARN_CONSTANT_CONVERSION = YES;
				CLANG_WARN_DEPRECATED_OBJC_IMPLEMENTATIONS = YES;
				CLANG_WARN_DIRECT_OBJC_ISA_USAGE = YES_ERROR;
				CLANG_WARN_DOCUMENTATION_COMMENTS = YES;
				CLANG_WARN_EMPTY_BODY = YES;
				CLANG_WARN_ENUM_CONVERSION = YES;
				CLANG_WARN_INFINITE_RECURSION = YES;
				CLANG_WARN_INT_CONVERSION = YES;
				CLANG_WARN_NON_LITERAL_NULL_CONVERSION = YES;
				CLANG_WARN_OBJC_IMPLICIT_RETAIN_SELF = YES;
				CLANG_WARN_OBJC_LITERAL_CONVERSION = YES;
				CLANG_WARN_OBJC_ROOT_CLASS = YES_ERROR;
				CLANG_WARN_RANGE_LOOP_ANALYSIS = YES;
				CLANG_WARN_STRICT_PROTOTYPES = YES;
				CLANG_WARN_SUSPICIOUS_MOVE = YES;
				CLANG_WARN_UNGUARDED_AVAILABILITY = YES_AGGRESSIVE;
				CLANG_WARN_UNREACHABLE_CODE = YES;
				CLANG_WARN__DUPLICATE_METHOD_MATCH = YES;
				COPY_PHASE_STRIP = NO;
				DEBUG_INFORMATION_FORMAT = dwarf;
				ENABLE_STRICT_OBJC_MSGSEND = YES;
				ENABLE_TESTABILITY = YES;
				GCC_C_LANGUAGE_STANDARD = gnu11;
				GCC_DYNAMIC_NO_PIC = NO;
				GCC_NO_COMMON_BLOCKS = YES;
				GCC_OPTIMIZATION_LEVEL = 0;
				GCC_PREPROCESSOR_DEFINITIONS = (
					"DEBUG=1",
					"$(inherited)",
				);
				GCC_WARN_64_TO_32_BIT_CONVERSION = YES;
				GCC_WARN_ABOUT_RETURN_TYPE = YES_ERROR;
				GCC_WARN_UNDECLARED_SELECTOR = YES;
				GCC_WARN_UNINITIALIZED_AUTOS = YES_AGGRESSIVE;
				GCC_WARN_UNUSED_FUNCTION = YES;
				GCC_WARN_UNUSED_VARIABLE = YES;
				IPHONEOS_DEPLOYMENT_TARGET = 13.6;
				MTL_ENABLE_DEBUG_INFO = INCLUDE_SOURCE;
				MTL_FAST_MATH = YES;
				ONLY_ACTIVE_ARCH = YES;
				SDKROOT = iphoneos;
				SWIFT_ACTIVE_COMPILATION_CONDITIONS = DEBUG;
				SWIFT_OPTIMIZATION_LEVEL = "-Onone";
			};
			name = Debug;
		};
		0E6C8E8224E68A3D002ABEC5 /* Release */ = {
			isa = XCBuildConfiguration;
			buildSettings = {
				ALWAYS_SEARCH_USER_PATHS = NO;
				CLANG_ANALYZER_NONNULL = YES;
				CLANG_ANALYZER_NUMBER_OBJECT_CONVERSION = YES_AGGRESSIVE;
				CLANG_CXX_LANGUAGE_STANDARD = "gnu++14";
				CLANG_CXX_LIBRARY = "libc++";
				CLANG_ENABLE_MODULES = YES;
				CLANG_ENABLE_OBJC_ARC = YES;
				CLANG_ENABLE_OBJC_WEAK = YES;
				CLANG_WARN_BLOCK_CAPTURE_AUTORELEASING = YES;
				CLANG_WARN_BOOL_CONVERSION = YES;
				CLANG_WARN_COMMA = YES;
				CLANG_WARN_CONSTANT_CONVERSION = YES;
				CLANG_WARN_DEPRECATED_OBJC_IMPLEMENTATIONS = YES;
				CLANG_WARN_DIRECT_OBJC_ISA_USAGE = YES_ERROR;
				CLANG_WARN_DOCUMENTATION_COMMENTS = YES;
				CLANG_WARN_EMPTY_BODY = YES;
				CLANG_WARN_ENUM_CONVERSION = YES;
				CLANG_WARN_INFINITE_RECURSION = YES;
				CLANG_WARN_INT_CONVERSION = YES;
				CLANG_WARN_NON_LITERAL_NULL_CONVERSION = YES;
				CLANG_WARN_OBJC_IMPLICIT_RETAIN_SELF = YES;
				CLANG_WARN_OBJC_LITERAL_CONVERSION = YES;
				CLANG_WARN_OBJC_ROOT_CLASS = YES_ERROR;
				CLANG_WARN_RANGE_LOOP_ANALYSIS = YES;
				CLANG_WARN_STRICT_PROTOTYPES = YES;
				CLANG_WARN_SUSPICIOUS_MOVE = YES;
				CLANG_WARN_UNGUARDED_AVAILABILITY = YES_AGGRESSIVE;
				CLANG_WARN_UNREACHABLE_CODE = YES;
				CLANG_WARN__DUPLICATE_METHOD_MATCH = YES;
				COPY_PHASE_STRIP = NO;
				DEBUG_INFORMATION_FORMAT = "dwarf-with-dsym";
				ENABLE_NS_ASSERTIONS = NO;
				ENABLE_STRICT_OBJC_MSGSEND = YES;
				GCC_C_LANGUAGE_STANDARD = gnu11;
				GCC_NO_COMMON_BLOCKS = YES;
				GCC_WARN_64_TO_32_BIT_CONVERSION = YES;
				GCC_WARN_ABOUT_RETURN_TYPE = YES_ERROR;
				GCC_WARN_UNDECLARED_SELECTOR = YES;
				GCC_WARN_UNINITIALIZED_AUTOS = YES_AGGRESSIVE;
				GCC_WARN_UNUSED_FUNCTION = YES;
				GCC_WARN_UNUSED_VARIABLE = YES;
				IPHONEOS_DEPLOYMENT_TARGET = 13.6;
				MTL_ENABLE_DEBUG_INFO = NO;
				MTL_FAST_MATH = YES;
				SDKROOT = iphoneos;
				SWIFT_COMPILATION_MODE = wholemodule;
				SWIFT_OPTIMIZATION_LEVEL = "-O";
				VALIDATE_PRODUCT = YES;
			};
			name = Release;
		};
		0E6C8E8424E68A3D002ABEC5 /* Debug */ = {
			isa = XCBuildConfiguration;
			buildSettings = {
				ASSETCATALOG_COMPILER_APPICON_NAME = AppIcon;
				CODE_SIGN_STYLE = Automatic;
				DEVELOPMENT_TEAM = DP64W5P5DK;
				INFOPLIST_FILE = QuestionApp/Info.plist;
				LD_RUNPATH_SEARCH_PATHS = (
					"$(inherited)",
					"@executable_path/Frameworks",
				);
				PRODUCT_BUNDLE_IDENTIFIER = "jp.ne.ezweb.mkt-1125.QuestionApp";
				PRODUCT_NAME = "$(TARGET_NAME)";
				SWIFT_VERSION = 5.0;
				TARGETED_DEVICE_FAMILY = 1;
			};
			name = Debug;
		};
		0E6C8E8524E68A3D002ABEC5 /* Release */ = {
			isa = XCBuildConfiguration;
			buildSettings = {
				ASSETCATALOG_COMPILER_APPICON_NAME = AppIcon;
				CODE_SIGN_STYLE = Automatic;
				DEVELOPMENT_TEAM = DP64W5P5DK;
				INFOPLIST_FILE = QuestionApp/Info.plist;
				LD_RUNPATH_SEARCH_PATHS = (
					"$(inherited)",
					"@executable_path/Frameworks",
				);
				PRODUCT_BUNDLE_IDENTIFIER = "jp.ne.ezweb.mkt-1125.QuestionApp";
				PRODUCT_NAME = "$(TARGET_NAME)";
				SWIFT_VERSION = 5.0;
				TARGETED_DEVICE_FAMILY = 1;
			};
			name = Release;
		};
/* End XCBuildConfiguration section */

/* Begin XCConfigurationList section */
		0E6C8E6A24E68A2A002ABEC5 /* Build configuration list for PBXProject "QuestionApp" */ = {
			isa = XCConfigurationList;
			buildConfigurations = (
				0E6C8E8124E68A3D002ABEC5 /* Debug */,
				0E6C8E8224E68A3D002ABEC5 /* Release */,
			);
			defaultConfigurationIsVisible = 0;
			defaultConfigurationName = Release;
		};
		0E6C8E8324E68A3D002ABEC5 /* Build configuration list for PBXNativeTarget "QuestionApp" */ = {
			isa = XCConfigurationList;
			buildConfigurations = (
				0E6C8E8424E68A3D002ABEC5 /* Debug */,
				0E6C8E8524E68A3D002ABEC5 /* Release */,
			);
			defaultConfigurationIsVisible = 0;
			defaultConfigurationName = Release;
		};
/* End XCConfigurationList section */
	};
	rootObject = 0E6C8E6724E68A2A002ABEC5 /* Project object */;
}
